
Microsoft Visual Studio Solution File, Format Version 12.00
# Visual Studio Version 17
VisualStudioVersion = 17.2.32519.379
MinimumVisualStudioVersion = 10.0.40219.1
Project("{FAE04EC0-301F-11D3-BF4B-00C04F79EFBC}") = "StudentAttendanceProject", "StudentAttendanceProject.csproj", "{02FFB668-02B8-4369-A6C7-7DB9604C00D7}"
EndProject
Global
	GlobalSection(SolutionConfigurationPlatforms) = preSolution
		Debug|Any CPU = Debug|Any CPU
		Release|Any CPU = Release|Any CPU
	EndGlobalSection
	GlobalSection(ProjectConfigurationPlatforms) = postSolution
		{02FFB668-02B8-4369-A6C7-7DB9604C00D7}.Debug|Any CPU.ActiveCfg = Debug|Any CPU
		{02FFB668-02B8-4369-A6C7-7DB9604C00D7}.Debug|Any CPU.Build.0 = Debug|Any CPU
		{02FFB668-02B8-4369-A6C7-7DB9604C00D7}.Release|Any CPU.ActiveCfg = Release|Any CPU
		{02FFB668-02B8-4369-A6C7-7DB9604C00D7}.Release|Any CPU.Build.0 = Release|Any CPU
	EndGlobalSection
	GlobalSection(SolutionProperties) = preSolution
		HideSolutionNode = FALSE
	EndGlobalSection
	GlobalSection(ExtensibilityGlobals) = postSolution
		SolutionGuid = {39F930CC-5E9F-4F93-8B5F-6BFC0056F081}
	EndGlobalSection
EndGlobal
